
Microsoft Visual Studio Solution File, Format Version 12.00
# Visual Studio Version 17
VisualStudioVersion = 17.7.34024.191
MinimumVisualStudioVersion = 10.0.40219.1
Project("{9A19103F-16F7-4668-BE54-9A1E7A4F7556}") = "EtelfutarAPI", "EtelfutarAPI\EtelfutarAPI.csproj", "{CC0F595F-B6DA-4CEF-ABF7-F628071F03EF}"
EndProject
Project("{FAE04EC0-301F-11D3-BF4B-00C04F79EFBC}") = "EtelfutarAPITests", "EtelfutarAPITests\EtelfutarAPITests.csproj", "{3BCFEFE7-D5FA-4EAD-8776-327241C1DE88}"
EndProject
Global
	GlobalSection(SolutionConfigurationPlatforms) = preSolution
		Debug|Any CPU = Debug|Any CPU
		Release|Any CPU = Release|Any CPU
	EndGlobalSection
	GlobalSection(ProjectConfigurationPlatforms) = postSolution
		{CC0F595F-B6DA-4CEF-ABF7-F628071F03EF}.Debug|Any CPU.ActiveCfg = Debug|Any CPU
		{CC0F595F-B6DA-4CEF-ABF7-F628071F03EF}.Debug|Any CPU.Build.0 = Debug|Any CPU
		{CC0F595F-B6DA-4CEF-ABF7-F628071F03EF}.Release|Any CPU.ActiveCfg = Release|Any CPU
		{CC0F595F-B6DA-4CEF-ABF7-F628071F03EF}.Release|Any CPU.Build.0 = Release|Any CPU
		{3BCFEFE7-D5FA-4EAD-8776-327241C1DE88}.Debug|Any CPU.ActiveCfg = Debug|Any CPU
		{3BCFEFE7-D5FA-4EAD-8776-327241C1DE88}.Debug|Any CPU.Build.0 = Debug|Any CPU
		{3BCFEFE7-D5FA-4EAD-8776-327241C1DE88}.Release|Any CPU.ActiveCfg = Release|Any CPU
		{3BCFEFE7-D5FA-4EAD-8776-327241C1DE88}.Release|Any CPU.Build.0 = Release|Any CPU
	EndGlobalSection
	GlobalSection(SolutionProperties) = preSolution
		HideSolutionNode = FALSE
	EndGlobalSection
	GlobalSection(ExtensibilityGlobals) = postSolution
		SolutionGuid = {B84C7780-8663-4455-B03F-5A952AA26828}
	EndGlobalSection
EndGlobal
